
Microsoft Visual Studio Solution File, Format Version 12.00
# Visual Studio Version 16
VisualStudioVersion = 16.0.29613.14
MinimumVisualStudioVersion = 10.0.40219.1
Project("{9A19103F-16F7-4668-BE54-9A1E7A4F7556}") = "EthernetSwitch", "EthernetSwitch\EthernetSwitch.csproj", "{1E9E95BF-F899-437E-ADB7-3FE12835A31B}"
EndProject
Project("{2150E333-8FDC-42A3-9474-1A3956D46DE8}") = "Solution Items", "Solution Items", "{456C45B7-EF0A-42B9-B5E5-3B8ABE81102C}"
	ProjectSection(SolutionItems) = preProject
		.gitignore = .gitignore
		deploy.sh = deploy.sh
		Readme.MD = Readme.MD
	EndProjectSection
EndProject
Project("{FAE04EC0-301F-11D3-BF4B-00C04F79EFBC}") = "EthernetSwitch.Data", "EthernetSwitch.Data\EthernetSwitch.Data.csproj", "{86AB6C82-A3CD-45D3-AE9D-7D329F2856BB}"
EndProject
Project("{FAE04EC0-301F-11D3-BF4B-00C04F79EFBC}") = "EthernetSwitch.Infrastructure", "EthernetSwitch.Infrastructure\EthernetSwitch.Infrastructure.csproj", "{0B09F0F5-906B-4886-805C-CF41E066E312}"
EndProject
Global
	GlobalSection(SolutionConfigurationPlatforms) = preSolution
		Debug|Any CPU = Debug|Any CPU
		Release|Any CPU = Release|Any CPU
	EndGlobalSection
	GlobalSection(ProjectConfigurationPlatforms) = postSolution
		{1E9E95BF-F899-437E-ADB7-3FE12835A31B}.Debug|Any CPU.ActiveCfg = Debug|Any CPU
		{1E9E95BF-F899-437E-ADB7-3FE12835A31B}.Debug|Any CPU.Build.0 = Debug|Any CPU
		{1E9E95BF-F899-437E-ADB7-3FE12835A31B}.Release|Any CPU.ActiveCfg = Release|Any CPU
		{1E9E95BF-F899-437E-ADB7-3FE12835A31B}.Release|Any CPU.Build.0 = Release|Any CPU
		{86AB6C82-A3CD-45D3-AE9D-7D329F2856BB}.Debug|Any CPU.ActiveCfg = Debug|Any CPU
		{86AB6C82-A3CD-45D3-AE9D-7D329F2856BB}.Debug|Any CPU.Build.0 = Debug|Any CPU
		{86AB6C82-A3CD-45D3-AE9D-7D329F2856BB}.Release|Any CPU.ActiveCfg = Release|Any CPU
		{86AB6C82-A3CD-45D3-AE9D-7D329F2856BB}.Release|Any CPU.Build.0 = Release|Any CPU
		{0B09F0F5-906B-4886-805C-CF41E066E312}.Debug|Any CPU.ActiveCfg = Debug|Any CPU
		{0B09F0F5-906B-4886-805C-CF41E066E312}.Debug|Any CPU.Build.0 = Debug|Any CPU
		{0B09F0F5-906B-4886-805C-CF41E066E312}.Release|Any CPU.ActiveCfg = Release|Any CPU
		{0B09F0F5-906B-4886-805C-CF41E066E312}.Release|Any CPU.Build.0 = Release|Any CPU
	EndGlobalSection
	GlobalSection(SolutionProperties) = preSolution
		HideSolutionNode = FALSE
	EndGlobalSection
	GlobalSection(ExtensibilityGlobals) = postSolution
		SolutionGuid = {1F4F2B90-1D63-45C9-A9C9-EC10915AF54A}
	EndGlobalSection
EndGlobal
